github.com/RyuaNerin/go-krypto v1.3.0 h1:smavTzSMAx8iuVlGb4pEwl9MD2qicqMzuXR2QWp2/Pg=
github.com/RyuaNerin/go-krypto v1.3.0/go.mod h1:9R9TU936laAIqAmjcHo/LsaXYOZlymudOAxjaBf62UM=
github.com/RyuaNerin/testingutil v0.1.0 h1:IYT6JL57RV3U2ml3dLHZsVtPOP6yNK7WUVdzzlpNrss=
github.com/RyuaNerin/testingutil v0.1.0/go.mod h1:yTqj6Ta/ycHMPJHRyO12Mz3VrvTloWOsy23WOZH19AA=
github.com/Yawning/aez v0.0.0-20211027044916-e49e68abd344 h1:cDVUiFo+npB0ZASqnw4q90ylaVAbnYyx0JYqK4YcGok=
github.com/Yawning/aez v0.0.0-20211027044916-e49e68abd344/go.mod h1:9pIqrY6SXNL8vjRQE5Hd/OL5GyK/9MrGUWs87z/eFfk=
github.com/andybalholm/brotli v1.0.6 h1:Yf9fFpf49Zrxb9NlQaluyE92/+X7UVHlhMNJN2sxfOI=
github.com/andybalholm/brotli v1.0.6/go.mod h1:fO7iG3H7G2nSZ7m0zPUDn85XEX2GTukHGRSepvi9Eig=
github.com/anytls/sing-anytls v0.0.13 h1:FL+krjOmwpYYLpl5rrV/BrzDMfxbi05YgIQh+NAA37c=
github.com/anytls/sing-anytls v0.0.13/go.mod h1:7rjN6IukwysmdusYsrV51Fgu1uW6vsrdd6ctjnEAln8=
github.com/cloudflare/circl v1.6.3 h1:9GPOhQGF9MCYUeXyMYlqTR6a5gTrgR/fBLXvUgtVcg8=
github.com/cloudflare/circl v1.6.3/go.mod h1:2eXP6Qfat4O/Yhh8BznvKnJ+uzEoTQ6jVKJRn81BiS4=
github.com/creack/pty v1.1.9/go.mod h1:oKZEueFk5CKHvIhNR5MUki03XCEU+Q6VDXinZuGJ33E=
github.com/davecgh/go-spew v1.1.0/go.mod h1:J7Y8YcW2NihsgmVo/mv3lAwl/skON4iLHjSsI+c5H38=
github.com/davecgh/go-spew v1.1.1 h1:vj9j/u1bqnvCEfJOwUhtlOARqs3+rkHYY13jYWTU97c=
github.com/davecgh/go-spew v1.1.1/go.mod h1:J7Y8YcW2NihsgmVo/mv3lAwl/skON4iLHjSsI+c5H38=
github.com/enfein/mieru/v3 v3.36.0 h1:kTXfBSV6Dajk09yBYMeI1r4WAuAtMCKqZ42X5BrQZV8=
github.com/enfein/mieru/v3 v3.36.0/go.mod h1:zJBUCsi5rxyvHM8fjFf+GLaEl4OEjjBXr1s5F6Qd3hM=
github.com/ericlagergren/aegis v0.0.0-20250325060835-cd0defd64358 h1:kXYqH/sL8dS/FdoFjr12ePjnLPorPo2FsnrHNuXSDyo=
github.com/ericlagergren/aegis v0.0.0-20250325060835-cd0defd64358/go.mod h1:hkIFzoiIPZYxdFOOLyDho59b7SrDfo+w3h+yWdlg45I=
github.com/ericlagergren/polyval v0.0.0-20220411101811-e25bc10ba391 h1:8j2RH289RJplhA6WfdaPqzg1MjH2K8wX5e0uhAxrw2g=
github.com/ericlagergren/polyval v0.0.0-20220411101811-e25bc10ba391/go.mod h1:K2R7GhgxrlJzHw2qiPWsCZXf/kXEJN9PLnQK73Ll0po=
github.com/ericlagergren/saferand v0.0.0-20220206064634-960a4dd2bc5c h1:RUzBDdZ+e/HEe2Nh8lYsduiPAZygUfVXJn0Ncj5sHMg=
github.com/ericlagergren/saferand v0.0.0-20220206064634-960a4dd2bc5c/go.mod h1:ETASDWf/FmEb6Ysrtd1QhjNedUU/ZQxBCRLh60bQ/UI=
github.com/ericlagergren/siv v0.0.0-20220507050439-0b757b3aa5f1 h1:tlDMEdcPRQKBEz5nGDMvswiajqh7k8ogWRlhRwKy5mY=
github.com/ericlagergren/siv v0.0.0-20220507050439-0b757b3aa5f1/go.mod h1:4RfsapbGx2j/vU5xC/5/9qB3kn9Awp1YDiEnN43QrJ4=
github.com/ericlagergren/subtle v0.0.0-20220507045147-890d697da010 h1:fuGucgPk5dN6wzfnxl3D0D3rVLw4v2SbBT9jb4VnxzA=
github.com/ericlagergren/subtle v0.0.0-20220507045147-890d697da010/go.mod h1:JtBcj7sBuTTRupn7c2bFspMDIObMJsVK8TeUvpShPok=
github.com/gaukas/godicttls v0.0.4 h1:NlRaXb3J6hAnTmWdsEKb9bcSBD6BvcIjdGdeb0zfXbk=
github.com/gaukas/godicttls v0.0.4/go.mod h1:l6EenT4TLWgTdwslVb4sEMOCf7Bv0JAK67deKr9/NCI=
github.com/gofrs/uuid/v5 v5.3.2 h1:2jfO8j3XgSwlz/wHqemAEugfnTlikAYHhnqQ8Xh4fE0=
github.com/gofrs/uuid/v5 v5.3.2/go.mod h1:CDOjlDMVAtN56jqyRUZh58JT31Tiw7/oQyEXZV+9bD8=
github.com/golang/snappy v1.0.0 h1:Oy607GVXHs7RtbggtPBnr2RmDArIsAefDwvrdWvRhGs=
github.com/golang/snappy v1.0.0/go.mod h1:/XxbfmMg8lxefKM7IXC3fBNl/7bRcc72aCRzEWrmP2Q=
github.com/google/btree v1.1.3 h1:CVpQJjYgC4VbzxeGVHfvZrv1ctoYCAI8vbl07Fcxlyg=
github.com/google/btree v1.1.3/go.mod h1:qOPhT0dTNdNzV6Z/lhRX0YXUafgPLFUh+gZMl761Gm4=
github.com/google/go-cmp v0.6.0 h1:ofyhxvXcZhMsU5ulbFiLKl/XBFqE1GSq7atu8tAmTRI=
github.com/google/go-cmp v0.6.0/go.mod h1:17dUlkBOakJ0+DkrSSNjCkIjxS6bF9zb3elmeNGIjoY=
github.com/google/tink/go v1.6.1 h1:t7JHqO8Ath2w2ig5vjwQYJzhGEZymedQc90lQXUBa4I=
github.com/google/tink/go v1.6.1/go.mod h1:IGW53kTgag+st5yPhKKwJ6u2l+SSp5/v9XF7spovjlY=
github.com/juju/ratelimit v1.0.2 h1:sRxmtRiajbvrcLQT7S+JbqU0ntsb9W2yhSdNN8tWfaI=
github.com/juju/ratelimit v1.0.2/go.mod h1:qapgC/Gy+xNh9UxzV13HGGl/6UXNN+ct+vwSgWNm/qk=
github.com/klauspost/compress v1.17.9 h1:6KIumPrER1LHsvBVuDa0r5xaG0Es51mhhB9BQB2qeMA=
github.com/klauspost/compress v1.17.9/go.mod h1:Di0epgTjJY877eYKx5yC51cX2A2Vl2ibi7bDH9ttBbw=
github.com/klauspost/cpuid/v2 v2.2.6 h1:ndNyv040zDGIDh8thGkXYjnFtiN02M1PVVF+JE/48xc=
github.com/klauspost/cpuid/v2 v2.2.6/go.mod h1:Lcz8mBdAVJIBVzewtcLocK12l3Y+JytZYpaMropDUws=
github.com/klauspost/reedsolomon v1.12.3 h1:tzUznbfc3OFwJaTebv/QdhnFf2Xvb7gZ24XaHLBPmdc=
github.com/klauspost/reedsolomon v1.12.3/go.mod h1:3K5rXwABAvzGeR01r6pWZieUALXO/Tq7bFKGIb4m4WI=
github.com/kr/pretty v0.3.1 h1:flRD4NNwYAUpkphVc1HcthR4KEIFJ65n8Mw5qdRn3LE=
github.com/kr/pretty v0.3.1/go.mod h1:hoEshYVHaxMs3cyo3Yncou5ZscifuDolrwPKZanG3xk=
github.com/kr/text v0.2.0 h1:5Nx0Ya0ZqY2ygV366QzturHI13Jq95ApcVaJBhpS+AY=
github.com/kr/text v0.2.0/go.mod h1:eLer722TekiGuMkidMxC/pM04lWEeraHUUmBw8l2grE=
github.com/metacubex/ascon v0.1.0 h1:6ZWxmXYszT1XXtwkf6nxfFhc/OTtQ9R3Vyj1jN32lGM=
github.com/metacubex/ascon v0.1.0/go.mod h1:eV5oim4cVPPdEL8/EYaTZ0iIKARH9pnhAK/fcT5Kacc=
github.com/metacubex/blake3 v0.1.0 h1:KGnjh/56REO7U+cgZA8dnBhxdP7jByrG7hTP+bu6cqY=
github.com/metacubex/blake3 v0.1.0/go.mod h1:CCkLdzFrqf7xmxCdhQFvJsRRV2mwOLDoSPg6vUTB9Uk=
github.com/metacubex/chacha v0.1.5 h1:fKWMb/5c7ZrY8Uoqi79PPFxl+qwR7X/q0OrsAubyX2M=
github.com/metacubex/chacha v0.1.5/go.mod h1:Djn9bPZxLTXbJFSeyo0/qzEzQI+gUSSzttuzZM75GH8=
github.com/metacubex/cpu v0.1.0 h1:8PeTdV9j6UKbN1K5Jvtbi/Jock7dknvzyYuLb8Conmk=
github.com/metacubex/cpu v0.1.0/go.mod h1:09VEt4dSRLR+bOA8l4w4NDuzGZ8n5dkMv7e8axgEeTU=
github.com/metacubex/hkdf v0.1.0 h1:fPA6VzXK8cU1foc/TOmGCDmSa7pZbxlnqhl3RNsthaA=
github.com/metacubex/hkdf v0.1.0/go.mod h1:3seEfds3smgTAXqUGn+tgEJH3uXdsUjOiduG/2EtvZ4=
github.com/metacubex/hpke v0.1.0 h1:gu2jUNhraehWi0P/z5HX2md3d7L1FhPQE6/Q0E9r9xQ=
github.com/metacubex/hpke v0.1.0/go.mod h1:vfDm6gfgrwlXUxKDkWbcE44hXtmc1uxLDm2BcR11b3U=
github.com/metacubex/http v0.1.7 h1:dEaQmijUaR/2QKqgjBUmPZCRuh1zBfDqB6ZRNLwvbHg=
github.com/metacubex/http v0.1.7/go.mod h1:Nxx0zZAo2AhRfanyL+fmmK6ACMtVsfpwIl1aFAik2Eg=
github.com/metacubex/jls-quic-go v0.0.0-20260727080412-732f2fc9a34d h1:OF3TUGKdHRrRMp7nb0Pa72QYwKPol9NqSy2yTcP2Sog=
github.com/metacubex/jls-quic-go v0.0.0-20260727080412-732f2fc9a34d/go.mod h1:dH8StPlpZ7atSUuTnfTnRXvJK22nOtQVimNwQ9Gmk58=
github.com/metacubex/jls-tls v0.0.0-20260723084315-67adc0e2f796 h1:1iI4np/Dm1ztCfTW2LoN166O6n728HXMc11aIazYdps=
github.com/metacubex/jls-tls v0.0.0-20260723084315-67adc0e2f796/go.mod h1:mmqs889W/TqPlfNRDa2UyJvRiLyiTJIEnWHkcj3SKB8=
github.com/metacubex/kcp-go v0.0.0-20260105040817-550693377604 h1:hJwCVlE3ojViC35MGHB+FBr8TuIf3BUFn2EQ1VIamsI=
github.com/metacubex/kcp-go v0.0.0-20260105040817-550693377604/go.mod h1:lpmN3m269b3V5jFCWtffqBLS4U3QQoIid9ugtO+OhVc=
github.com/metacubex/mlkem v0.1.0 h1:wFClitonSFcmipzzQvax75beLQU+D7JuC+VK1RzSL8I=
github.com/metacubex/mlkem v0.1.0/go.mod h1:amhaXZVeYNShuy9BILcR7P0gbeo/QLZsnqCdL8U2PDQ=
github.com/metacubex/qpack v0.6.0 h1:YqClGIMOpiRYLjV1qOs483Od08MdPgRnHjt90FuaAKw=
github.com/metacubex/qpack v0.6.0/go.mod h1:lKGSi7Xk94IMvHGOmxS9eIei3bvIqpOAImEBsaOwTkA=
github.com/metacubex/quic-go v0.59.1-0.20260112033758-aa29579f2001 h1:RlT3bFCIDM/NR9GWaDbFCrweOwpHRfgaT9c0zuRlPhY=
github.com/metacubex/quic-go v0.59.1-0.20260112033758-aa29579f2001/go.mod h1:oNzMrmylS897M3zSMuapIdwSwfq6F2qW01Z3NhVRJhk=
github.com/metacubex/randv2 v0.2.0 h1:uP38uBvV2SxYfLj53kuvAjbND4RUDfFJjwr4UigMiLs=
github.com/metacubex/randv2 v0.2.0/go.mod h1:kFi2SzrQ5WuneuoLLCMkABtiBu6VRrMrWFqSPyj2cxY=
github.com/metacubex/restls-client-go v0.1.9 h1:QmLKwVFuAjB6rL9lQNKj8CuwHqGMJjV36oskeBPEtVs=
github.com/metacubex/restls-client-go v0.1.9/go.mod h1:BN/U52vPw7j8VTSh2vleD/MnmVKCov84mS5VcjVHH4g=
github.com/metacubex/sing v0.5.7 h1:8OC+fhKFSv/l9ehEhJRaZZAOuthfZo68SteBVLe8QqM=
github.com/metacubex/sing v0.5.7/go.mod h1:ypf0mjwlZm0sKdQSY+yQvmsbWa0hNPtkeqyRMGgoN+w=
github.com/metacubex/sing-mux v0.3.10 h1:r5CuZ/KuwFsEcRRwpLvzLncW4fDzNfmSEcBEWcy/+94=
github.com/metacubex/sing-mux v0.3.10/go.mod h1:8bT7ZKT3clRrJjYc/x5CRYibC1TX/bK73a3r3+2E+Fc=
github.com/metacubex/sing-quic v0.0.0-20260726014900-38b0e9295f51 h1:FpQj1XfYBIm4LAml+LDjvnfjDs20cSDsFmgjThOqmks=
github.com/metacubex/sing-quic v0.0.0-20260726014900-38b0e9295f51/go.mod h1:6ayFGfzzBE85csgQkM3gf4neFq6s0losHlPRSxY+nuk=
github.com/metacubex/sing-shadowsocks v0.2.12 h1:Wqzo8bYXrK5aWqxu/TjlTnYZzAKtKsaFQBdr6IHFaBE=
github.com/metacubex/sing-shadowsocks v0.2.12/go.mod h1:2e5EIaw0rxKrm1YTRmiMnDulwbGxH9hAFlrwQLQMQkU=
github.com/metacubex/sing-vmess v0.2.5 h1:m9Zt5I27lB9fmLMZfism9sH2LcnAfShZfwSkf6/KJoE=
github.com/metacubex/sing-vmess v0.2.5/go.mod h1:AwtlzUgf8COe9tRYAKqWZ+leDH7p5U98a0ZUpYehl8Q=
github.com/metacubex/smux v0.0.0-20260105030934-d0c8756d3141 h1:DK2l6m2Fc85H2BhiAPgbJygiWhesPlfGmF+9Vw6ARdk=
github.com/metacubex/smux v0.0.0-20260105030934-d0c8756d3141/go.mod h1:/yI4OiGOSn0SURhZdJF3CbtPg3nwK700bG8TZLMBvAg=
github.com/metacubex/tls v0.1.7 h1:7YW+7z2xGH1bozSg04q3gKNd7GBSiTSXIrQY2SMnfoE=
github.com/metacubex/tls v0.1.7/go.mod h1:0XeVdL0cBw+8i5Hqy3lVeP9IyD/LFTq02ExvHM6rzEM=
github.com/metacubex/utls v1.8.7 h1:Cp+yWkNTFkSihETgGWq34hlVFds5HpYWVOR1xovUVTs=
github.com/metacubex/utls v1.8.7/go.mod h1:kncGGVhFaoGn5M3pFe3SXhZCzsbCJayNOH4UEqTKTko=
github.com/metacubex/yamux v0.0.0-20250918083631-dd5f17c0be49 h1:lhlqpYHopuTLx9xQt22kSA9HtnyTDmk5XjjQVCGHe2E=
github.com/metacubex/yamux v0.0.0-20250918083631-dd5f17c0be49/go.mod h1:MBeEa9IVBphH7vc3LNtW6ZujVXFizotPo3OEiHQ+TNU=
github.com/oasisprotocol/deoxysii v0.0.0-20220228165953-2091330c22b7 h1:1102pQc2SEPp5+xrS26wEaeb26sZy6k9/ZXlZN+eXE4=
github.com/oasisprotocol/deoxysii v0.0.0-20220228165953-2091330c22b7/go.mod h1:UqoUn6cHESlliMhOnKLWr+CBH+e3bazUPvFj1XZwAjs=
github.com/oschwald/maxminddb-golang v1.13.1 h1:G3wwjdN9JmIK2o/ermkHM+98oX5fS+k5MbwsmL4MRQE=
github.com/oschwald/maxminddb-golang v1.13.1/go.mod h1:K4pgV9N/GcK694KSTmVSDTODk4IsCNThNdTmnaBZ/F8=
github.com/pires/go-proxyproto v0.11.0 h1:gUQpS85X/VJMdUsYyEgyn59uLJvGqPhJV5YvG68wXH4=
github.com/pires/go-proxyproto v0.11.0/go.mod h1:ZKAAyp3cgy5Y5Mo4n9AlScrkCZwUy0g3Jf+slqQVcuU=
github.com/pkg/diff v0.0.0-20210226163009-20ebb0f2a09e/go.mod h1:pJLUxLENpZxwdsKMEsNbx1VGcRFpLqf3715MtcvvzbA=
github.com/pmezard/go-difflib v1.0.0 h1:4DBwDE0NGyQoBHbLQYPwSUPoCMWR5BEzIk/f1lZbAQM=
github.com/pmezard/go-difflib v1.0.0/go.mod h1:iKH77koFhYxTK1pcRnkKkqfTogsbg7gZNVY4sRDYZ/4=
github.com/quic-go/qpack v0.6.0 h1:g7W+BMYynC1LbYLSqRt8PBg5Tgwxn214ZZR34VIOjz8=
github.com/quic-go/qpack v0.6.0/go.mod h1:lUpLKChi8njB4ty2bFLX2x4gzDqXwUpaO1DP9qMDZII=
github.com/refraction-networking/utls v1.8.2 h1:j4Q1gJj0xngdeH+Ox/qND11aEfhpgoEvV+S9iJ2IdQo=
github.com/refraction-networking/utls v1.8.2/go.mod h1:jkSOEkLqn+S/jtpEHPOsVv/4V4EVnelwbMQl4vCWXAM=
github.com/rogpeppe/go-internal v1.9.0 h1:73kH8U+JUqXU8lRuOHeVHaa/SZPifC7BkcraZVejAe8=
github.com/rogpeppe/go-internal v1.9.0/go.mod h1:WtVeX8xhTBvf0smdhujwtBcq4Qrzq/fJaraNFVN+nFs=
github.com/sagernet/quic-go v0.61.0-sing-box-mod.1 h1:ER31GLdh9u/06s1NmZ7zAL4hQK2bUlT4UInFdlikORE=
github.com/sagernet/quic-go v0.61.0-sing-box-mod.1/go.mod h1:hmLC8GJPp+BrpBgrgJnacvI4fZGIhasuy1ROJJ8GR4E=
github.com/sagernet/sing v0.8.5-0.20260411123740-2a8053daaf99 h1:oxumvWpPgPMXBZyhig/hsj1GEHRYy2SW5e4frBw1d9s=
github.com/sagernet/sing v0.8.5-0.20260411123740-2a8053daaf99/go.mod h1:ARkL0gM13/Iv5VCZmci/NuoOlePoIsW0m7BWfln/Hak=
github.com/sagernet/sing-quic v0.6.4 h1:BmGPebxcVICOkyBkn8a+fAfAB41zU9i83SMzObiu9bo=
github.com/sagernet/sing-quic v0.6.4/go.mod h1:+1lz5Rdw0+kAxRoJ9FW5RIott5OOAlS3QXKkwN6hR64=
github.com/sagernet/sing-shadowtls v0.2.1 h1:ZiHZdnEnP+YS73NMsxiZmIFCwNd0M4k7PkGCKNXhbaM=
github.com/sagernet/sing-shadowtls v0.2.1/go.mod h1:sWqKnGlMipCHaGsw1sTTlimyUpgzP4WP3pjhCsYt9oA=
github.com/sina-ghaderi/poly1305 v0.0.0-20220724002748-c5926b03988b h1:rXHg9GrUEtWZhEkrykicdND3VPjlVbYiLdX9J7gimS8=
github.com/sina-ghaderi/poly1305 v0.0.0-20220724002748-c5926b03988b/go.mod h1:X7qrxNQViEaAN9LNZOPl9PfvQtp3V3c7LTo0dvGi0fM=
github.com/sina-ghaderi/rabaead v0.0.0-20220730151906-ab6e06b96e8c h1:DjKMC30y6yjG3IxDaeAj3PCoRr+IsO+bzyT+Se2m2Hk=
github.com/sina-ghaderi/rabaead v0.0.0-20220730151906-ab6e06b96e8c/go.mod h1:NV/a66PhhWYVmUMaotlXJ8fIEFB98u+c8l/CQIEFLrU=
github.com/sina-ghaderi/rabbitio v0.0.0-20220730151941-9ce26f4f872e h1:ur8uMsPIFG3i4Gi093BQITvwH9znsz2VUZmnmwHvpIo=
github.com/sina-ghaderi/rabbitio v0.0.0-20220730151941-9ce26f4f872e/go.mod h1:+e5fBW3bpPyo+3uLo513gIUblc03egGjMM0+5GKbzK8=
github.com/stretchr/objx v0.1.0/go.mod h1:HFkY916IF+rwdDfMAkV7OtwuqBVzrE8GR6GFx+wExME=
github.com/stretchr/testify v1.3.0/go.mod h1:M5WIy9Dh21IEIfnGCwXGc5bZfKNJtfHm1UVUgZn+9EI=
github.com/stretchr/testify v1.11.1 h1:7s2iGBzp5EwR7/aIZr8ao5+dra3wiQyKjjFuvgVKu7U=
github.com/stretchr/testify v1.11.1/go.mod h1:wZwfW3scLgRK+23gO65QZefKpKQRnfz6sD981Nm4B6U=
github.com/xtaci/lossyconn v0.0.0-20190602105132-8df528c0c9ae h1:J0GxkO96kL4WF+AIT3M4mfUVinOCPgf2uUWYFUzN0sM=
github.com/xtaci/lossyconn v0.0.0-20190602105132-8df528c0c9ae/go.mod h1:gXtu8J62kEgmN++bm9BVICuT/e8yiLI2KFobd/TRFsE=
github.com/xtls/reality v0.0.0-20260322125925-9234c772ba8f h1:iy2JRioxmUpoJ3SzbFPyTxHZMbR/rSHP7dOOgYaq1O8=
github.com/xtls/reality v0.0.0-20260322125925-9234c772ba8f/go.mod h1:DsJblcWDGt76+FVqBVwbwRhxyyNJsGV48gJLch0OOWI=
gitlab.com/go-extension/aes-ccm v0.0.0-20230221065045-e58665ef23c7 h1:UNrDfkQqiEYzdMlNsVvBYOAJWZjdktqFE9tQh5BT2+4=
gitlab.com/go-extension/aes-ccm v0.0.0-20230221065045-e58665ef23c7/go.mod h1:E+rxHvJG9H6PUdzq9NRG6csuLN3XUx98BfGOVWNYnXs=
gitlab.com/yawning/bsaes.git v0.0.0-20190805113838-0a714cd429ec h1:FpfFs4EhNehiVfzQttTuxanPIT43FtkkCFypIod8LHo=
gitlab.com/yawning/bsaes.git v0.0.0-20190805113838-0a714cd429ec/go.mod h1:BZ1RAoRPbCxum9Grlv5aeksu2H8BiKehBYooU2LFiOQ=
go.uber.org/mock v0.5.2 h1:LbtPTcP8A5k9WPXj54PPPbjcI4Y6lhyOZXn+VS7wNko=
go.uber.org/mock v0.5.2/go.mod h1:wLlUxC2vVTPTaE3UD51E0BGOAElKrILxhVSDYQLld5o=
golang.org/x/crypto v0.55.0 h1:+KWHjbgOaAQ66dh/YlkZKHlz9ZUlq61AFirAR9ntP8M=
golang.org/x/crypto v0.55.0/go.mod h1:uq0V9dE/fzQuJtbnL+2EhWOE63vo164FY8xqEnV9xis=
golang.org/x/exp v0.0.0-20250911091902-df9299821621 h1:2id6c1/gto0kaHYyrixvknJ8tUK/Qs5IsmBtrc+FtgU=
golang.org/x/exp v0.0.0-20250911091902-df9299821621/go.mod h1:TwQYMMnGpvZyc+JpB/UAuTNIsVJifOlSkrZkhcvpVUk=
golang.org/x/net v0.57.0 h1:K5+3DljvIuDG9/Jv9rvyMywYNFCQ9RSUY6OOTTkT+tE=
golang.org/x/net v0.57.0/go.mod h1:KpXc8iv+r3XplLAG/f7Jsf9RPszJzdR0f58q9vGOuEU=
golang.org/x/sync v0.22.0 h1:SZjpbeLmrCk4xhRSZFNZW5gFUeCeFgjekvI/+gfScek=
golang.org/x/sync v0.22.0/go.mod h1:9xrNwdLfx4jkKbNva9FpL6vEN7evnE43NNNJQ2LF3+0=
golang.org/x/sys v0.0.0-20190804053845-51ab0e2deafa/go.mod h1:h1NjWce9XRLGQEsW7wpKNCjG9DtNlClVuFLEZdDNbEs=
golang.org/x/sys v0.5.0/go.mod h1:oPkhp1MJrh7nUepCBck5+mAzfO9JrbApNNgaTdGDITg=
golang.org/x/sys v0.47.0 h1:o7XGOvZQCADBQQ4Y7VNq2dRWQR7JmOUW8Kxx4ZsNgWs=
golang.org/x/sys v0.47.0/go.mod h1:4GL1E5IUh+htKOUEOaiffhrAeqysfVGipDYzABqnCmw=
golang.org/x/term v0.45.0 h1:NwWyBmoJCbfTHpxrWoZ9C6/VxOf7ic219I8xZZFdrf0=
golang.org/x/term v0.45.0/go.mod h1:9aqxs0blBcrm/n0L9QW0aRVD+ktan8ssZromtqJC43w=
golang.org/x/text v0.41.0 h1:vz/seA0lnX87Othu2f/0L24RcgrXD9/YFTSuGjj3rH8=
golang.org/x/text v0.41.0/go.mod h1:jvf1O8ajNzZqhSrQBPbutR/EB83Cc0CFrezNQIwbb5M=
golang.org/x/time v0.10.0 h1:3usCWA8tQn0L8+hFJQNgzpWbd89begxN66o1Ojdn5L4=
golang.org/x/time v0.10.0/go.mod h1:3BpzKBy/shNhVucY/MWOyx10tF3SFh9QdLuxbVysPQM=
golang.zx2c4.com/wintun v0.0.0-20230126152724-0fa3db229ce2 h1:B82qJJgjvYKsXS9jeunTOisW56dUokqW/FOteYJJ/yg=
golang.zx2c4.com/wintun v0.0.0-20230126152724-0fa3db229ce2/go.mod h1:deeaetjYA+DHMHg+sMSMI58GrEteJUUzzw7en6TJQcI=
golang.zx2c4.com/wireguard v0.0.0-20260522210424-ecfc5a8d5446 h1:cqHQ3AycTHvM2R7ikgyX57D+XvtcSnGylsLkOVhta/w=
golang.zx2c4.com/wireguard v0.0.0-20260522210424-ecfc5a8d5446/go.mod h1:rpwXGsirqLqN2L0JDJQlwOboGHmptD5ZD6T2VmcqhTw=
google.golang.org/protobuf v1.34.2 h1:6xV6lTsCfpGD21XK49h7MhtcApnLqkfYgPcdHftf6hg=
google.golang.org/protobuf v1.34.2/go.mod h1:qYOHts0dSfpeUzUFpOMr/WGzszTmLH+DiWniOlNbLDw=
gopkg.in/check.v1 v0.0.0-20161208181325-20d25e280405/go.mod h1:Co6ibVJAznAaIkqp8huTwlJQCZ016jof/cbN4VW5Yz0=
gopkg.in/check.v1 v1.0.0-20201130134442-10cb98267c6c h1:Hei/4ADfdWqJk1ZMxUNpqntNwaWcugrBjAiHlqqRiVk=
gopkg.in/check.v1 v1.0.0-20201130134442-10cb98267c6c/go.mod h1:JHkPIbrfpd72SG/EVd6muEfDQjcINNoR0C8j2r3qZ4Q=
gopkg.in/yaml.v3 v3.0.1 h1:fxVm/GzAzEWqLHuvctI91KS9hhNmmWOoWu0XTYJS7CA=
gopkg.in/yaml.v3 v3.0.1/go.mod h1:K4uyk7z7BCEPqu6E+C64Yfv1cQ7kz7rIZviUmN+EgEM=
gvisor.dev/gvisor v0.0.0-20250503011706-39ed1f5ac29c h1:m/r7OM+Y2Ty1sgBQ7Qb27VgIMBW8ZZhT4gLnUyDIhzI=
gvisor.dev/gvisor v0.0.0-20250503011706-39ed1f5ac29c/go.mod h1:3r5CMtNQMKIvBlrmM9xWUNamjKBYPOWyXOjmg5Kts3g=
